# THIS IS AN AUTOGENERATED FILE. DO NOT EDIT THIS FILE DIRECTLY.
# yarn lockfile v1


"@esbuild/android-arm64@0.19.9":
  version "0.19.9"
  resolved "https://registry.yarnpkg.com/@esbuild/android-arm64/-/android-arm64-0.19.9.tgz#683794bdc3d27222d3eced7b74cad15979548031"
  integrity sha512-q4cR+6ZD0938R19MyEW3jEsMzbb/1rulLXiNAJQADD/XYp7pT+rOS5JGxvpRW8dFDEfjW4wLgC/3FXIw4zYglQ==

"@esbuild/android-arm@0.19.9":
  version "0.19.9"
  resolved "https://registry.yarnpkg.com/@esbuild/android-arm/-/android-arm-0.19.9.tgz#21a4de41f07b2af47401c601d64dfdefd056c595"
  integrity sha512-jkYjjq7SdsWuNI6b5quymW0oC83NN5FdRPuCbs9HZ02mfVdAP8B8eeqLSYU3gb6OJEaY5CQabtTFbqBf26H3GA==

"@esbuild/android-x64@0.19.9":
  version "0.19.9"
  resolved "https://registry.yarnpkg.com/@esbuild/android-x64/-/android-x64-0.19.9.tgz#e2d7674bc025ddc8699f0cc76cb97823bb63c252"
  integrity sha512-KOqoPntWAH6ZxDwx1D6mRntIgZh9KodzgNOy5Ebt9ghzffOk9X2c1sPwtM9P+0eXbefnDhqYfkh5PLP5ULtWFA==

"@esbuild/darwin-arm64@0.19.9":
  version "0.19.9"
  resolved "https://registry.yarnpkg.com/@esbuild/darwin-arm64/-/darwin-arm64-0.19.9.tgz#ae7a582289cc5c0bac15d4b9020a90cb7288f1e9"
  integrity sha512-KBJ9S0AFyLVx2E5D8W0vExqRW01WqRtczUZ8NRu+Pi+87opZn5tL4Y0xT0mA4FtHctd0ZgwNoN639fUUGlNIWw==

"@esbuild/darwin-x64@0.19.9":
  version "0.19.9"
  resolved "https://registry.yarnpkg.com/@esbuild/darwin-x64/-/darwin-x64-0.19.9.tgz#8a216c66dcf51addeeb843d8cfaeff712821d12b"
  integrity sha512-vE0VotmNTQaTdX0Q9dOHmMTao6ObjyPm58CHZr1UK7qpNleQyxlFlNCaHsHx6Uqv86VgPmR4o2wdNq3dP1qyDQ==

"@esbuild/freebsd-arm64@0.19.9":
  version "0.19.9"
  resolved "https://registry.yarnpkg.com/@esbuild/freebsd-arm64/-/freebsd-arm64-0.19.9.tgz#63d4f603e421252c3cd836b18d01545be7c6c440"
  integrity sha512-uFQyd/o1IjiEk3rUHSwUKkqZwqdvuD8GevWF065eqgYfexcVkxh+IJgwTaGZVu59XczZGcN/YMh9uF1fWD8j1g==

"@esbuild/freebsd-x64@0.19.9":
  version "0.19.9"
  resolved "https://registry.yarnpkg.com/@esbuild/freebsd-x64/-/freebsd-x64-0.19.9.tgz#a3db52595be65360eae4de1d1fa3c1afd942e1e4"
  integrity sha512-WMLgWAtkdTbTu1AWacY7uoj/YtHthgqrqhf1OaEWnZb7PQgpt8eaA/F3LkV0E6K/Lc0cUr/uaVP/49iE4M4asA==

"@esbuild/linux-arm64@0.19.9":
  version "0.19.9"
  resolved "https://registry.yarnpkg.com/@esbuild/linux-arm64/-/linux-arm64-0.19.9.tgz#4ae5811ce9f8d7df5eb9edd9765ea9401a534f13"
  integrity sha512-PiPblfe1BjK7WDAKR1Cr9O7VVPqVNpwFcPWgfn4xu0eMemzRp442hXyzF/fSwgrufI66FpHOEJk0yYdPInsmyQ==

"@esbuild/linux-arm@0.19.9":
  version "0.19.9"
  resolved "https://registry.yarnpkg.com/@esbuild/linux-arm/-/linux-arm-0.19.9.tgz#9807e92cfd335f46326394805ad488e646e506f2"
  integrity sha512-C/ChPohUYoyUaqn1h17m/6yt6OB14hbXvT8EgM1ZWaiiTYz7nWZR0SYmMnB5BzQA4GXl3BgBO1l8MYqL/He3qw==

"@esbuild/linux-ia32@0.19.9":
  version "0.19.9"
  resolved "https://registry.yarnpkg.com/@esbuild/linux-ia32/-/linux-ia32-0.19.9.tgz#18892c10f3106652b16f9da88a0362dc95ed46c7"
  integrity sha512-f37i/0zE0MjDxijkPSQw1CO/7C27Eojqb+r3BbHVxMLkj8GCa78TrBZzvPyA/FNLUMzP3eyHCVkAopkKVja+6Q==

"@esbuild/linux-loong64@0.19.9":
  version "0.19.9"
  resolved "https://registry.yarnpkg.com/@esbuild/linux-loong64/-/linux-loong64-0.19.9.tgz#dc2ebf9a125db0a1bba18c2bbfd4fbdcbcaf61c2"
  integrity sha512-t6mN147pUIf3t6wUt3FeumoOTPfmv9Cc6DQlsVBpB7eCpLOqQDyWBP1ymXn1lDw4fNUSb/gBcKAmvTP49oIkaA==

"@esbuild/linux-mips64el@0.19.9":
  version "0.19.9"
  resolved "https://registry.yarnpkg.com/@esbuild/linux-mips64el/-/linux-mips64el-0.19.9.tgz#4c2f7c5d901015e3faf1563c4a89a50776cb07fd"
  integrity sha512-jg9fujJTNTQBuDXdmAg1eeJUL4Jds7BklOTkkH80ZgQIoCTdQrDaHYgbFZyeTq8zbY+axgptncko3v9p5hLZtw==

"@esbuild/linux-ppc64@0.19.9":
  version "0.19.9"
  resolved "https://registry.yarnpkg.com/@esbuild/linux-ppc64/-/linux-ppc64-0.19.9.tgz#8385332713b4e7812869622163784a5633f76fc4"
  integrity sha512-tkV0xUX0pUUgY4ha7z5BbDS85uI7ABw3V1d0RNTii7E9lbmV8Z37Pup2tsLV46SQWzjOeyDi1Q7Wx2+QM8WaCQ==

"@esbuild/linux-riscv64@0.19.9":
  version "0.19.9"
  resolved "https://registry.yarnpkg.com/@esbuild/linux-riscv64/-/linux-riscv64-0.19.9.tgz#23f1db24fa761be311874f32036c06249aa20cba"
  integrity sha512-DfLp8dj91cufgPZDXr9p3FoR++m3ZJ6uIXsXrIvJdOjXVREtXuQCjfMfvmc3LScAVmLjcfloyVtpn43D56JFHg==

"@esbuild/linux-s390x@0.19.9":
  version "0.19.9"
  resolved "https://registry.yarnpkg.com/@esbuild/linux-s390x/-/linux-s390x-0.19.9.tgz#2dffe497726b897c9f0109e774006e25b33b4fd0"
  integrity sha512-zHbglfEdC88KMgCWpOl/zc6dDYJvWGLiUtmPRsr1OgCViu3z5GncvNVdf+6/56O2Ca8jUU+t1BW261V6kp8qdw==

"@esbuild/linux-x64@0.19.9":
  version "0.19.9"
  resolved "https://registry.yarnpkg.com/@esbuild/linux-x64/-/linux-x64-0.19.9.tgz#ceb1d62cd830724ff5b218e5d3172a8bad59420e"
  integrity sha512-JUjpystGFFmNrEHQnIVG8hKwvA2DN5o7RqiO1CVX8EN/F/gkCjkUMgVn6hzScpwnJtl2mPR6I9XV1oW8k9O+0A==

"@esbuild/netbsd-x64@0.19.9":
  version "0.19.9"
  resolved "https://registry.yarnpkg.com/@esbuild/netbsd-x64/-/netbsd-x64-0.19.9.tgz#0cbca65e9ef4d3fc41502d3e055e6f49479a8f18"
  integrity sha512-GThgZPAwOBOsheA2RUlW5UeroRfESwMq/guy8uEe3wJlAOjpOXuSevLRd70NZ37ZrpO6RHGHgEHvPg1h3S1Jug==

"@esbuild/openbsd-x64@0.19.9":
  version "0.19.9"
  resolved "https://registry.yarnpkg.com/@esbuild/openbsd-x64/-/openbsd-x64-0.19.9.tgz#1f57adfbee09c743292c6758a3642e875bcad1cf"
  integrity sha512-Ki6PlzppaFVbLnD8PtlVQfsYw4S9n3eQl87cqgeIw+O3sRr9IghpfSKY62mggdt1yCSZ8QWvTZ9jo9fjDSg9uw==

"@esbuild/sunos-x64@0.19.9":
  version "0.19.9"
  resolved "https://registry.yarnpkg.com/@esbuild/sunos-x64/-/sunos-x64-0.19.9.tgz#116be6adbd2c7479edeeb5f6ea0441002ab4cb9c"
  integrity sha512-MLHj7k9hWh4y1ddkBpvRj2b9NCBhfgBt3VpWbHQnXRedVun/hC7sIyTGDGTfsGuXo4ebik2+3ShjcPbhtFwWDw==

"@esbuild/win32-arm64@0.19.9":
  version "0.19.9"
  resolved "https://registry.yarnpkg.com/@esbuild/win32-arm64/-/win32-arm64-0.19.9.tgz#2be22131ab18af4693fd737b161d1ef34de8ca9d"
  integrity sha512-GQoa6OrQ8G08guMFgeXPH7yE/8Dt0IfOGWJSfSH4uafwdC7rWwrfE6P9N8AtPGIjUzdo2+7bN8Xo3qC578olhg==

"@esbuild/win32-ia32@0.19.9":
  version "0.19.9"
  resolved "https://registry.yarnpkg.com/@esbuild/win32-ia32/-/win32-ia32-0.19.9.tgz#e10ead5a55789b167b4225d2469324538768af7c"
  integrity sha512-UOozV7Ntykvr5tSOlGCrqU3NBr3d8JqPes0QWN2WOXfvkWVGRajC+Ym0/Wj88fUgecUCLDdJPDF0Nna2UK3Qtg==

"@esbuild/win32-x64@0.19.9":
  version "0.19.9"
  resolved "https://registry.yarnpkg.com/@esbuild/win32-x64/-/win32-x64-0.19.9.tgz#b2da6219b603e3fa371a78f53f5361260d0c5585"
  integrity sha512-oxoQgglOP7RH6iasDrhY+R/3cHrfwIDvRlT4CGChflq6twk8iENeVvMJjmvBb94Ik1Z+93iGO27err7w6l54GQ==

"@noble/ciphers@0.2.0":
  version "0.2.0"
  resolved "https://registry.yarnpkg.com/@noble/ciphers/-/ciphers-0.2.0.tgz#a12cda60f3cf1ab5d7c77068c3711d2366649ed7"
  integrity sha512-6YBxJDAapHSdd3bLDv6x2wRPwq4QFMUaB3HvljNBUTThDd12eSm7/3F+2lnfzx2jvM+S6Nsy0jEt9QbPqSwqRw==

"@noble/curves@1.1.0", "@noble/curves@~1.1.0":
  version "1.1.0"
  resolved "https://registry.yarnpkg.com/@noble/curves/-/curves-1.1.0.tgz#f13fc667c89184bc04cccb9b11e8e7bae27d8c3d"
  integrity sha512-091oBExgENk/kGj3AZmtBDMpxQPDtxQABR2B9lb1JbVTs6ytdzZNwvhxQ4MWasRNEzlbEH8jCWFCwhF/Obj5AA==
  dependencies:
    "@noble/hashes" "1.3.1"

"@noble/hashes@1.3.1":
  version "1.3.1"
  resolved "https://registry.yarnpkg.com/@noble/hashes/-/hashes-1.3.1.tgz#8831ef002114670c603c458ab8b11328406953a9"
  integrity sha512-EbqwksQwz9xDRGfDST86whPBgM65E0OH/pCgqW0GBVzO22bNE+NuIbeTb714+IfSjU3aRk47EUvXIb5bTsenKA==

"@noble/hashes@~1.3.0", "@noble/hashes@~1.3.1":
  version "1.3.2"
  resolved "https://registry.yarnpkg.com/@noble/hashes/-/hashes-1.3.2.tgz#6f26dbc8fbc7205873ce3cee2f690eba0d421b39"
  integrity sha512-MVC8EAQp7MvEcm30KWENFjgR+Mkmf+D189XJTkFIlwohU5hcBbn1ZkKq7KVTi2Hme3PMGF390DaL52beVrIihQ==

"@rollup/rollup-android-arm-eabi@4.7.0":
  version "4.7.0"
  resolved "https://registry.yarnpkg.com/@rollup/rollup-android-arm-eabi/-/rollup-android-arm-eabi-4.7.0.tgz#c144935afdf83e3da0ddea4d903360f99f69c79a"
  integrity sha512-rGku10pL1StFlFvXX5pEv88KdGW6DHUghsxyP/aRYb9eH+74jTGJ3U0S/rtlsQ4yYq1Hcc7AMkoJOb1xu29Fxw==

"@rollup/rollup-android-arm64@4.7.0":
  version "4.7.0"
  resolved "https://registry.yarnpkg.com/@rollup/rollup-android-arm64/-/rollup-android-arm64-4.7.0.tgz#4e05031399a9c795612c9694827ec4ba55771bec"
  integrity sha512-/EBw0cuJ/KVHiU2qyVYUhogXz7W2vXxBzeE9xtVIMC+RyitlY2vvaoysMUqASpkUtoNIHlnKTu/l7mXOPgnKOA==

"@rollup/rollup-darwin-arm64@4.7.0":
  version "4.7.0"
  resolved "https://registry.yarnpkg.com/@rollup/rollup-darwin-arm64/-/rollup-darwin-arm64-4.7.0.tgz#196018fa70b525a893a949fe8e1eeb797d9a7227"
  integrity sha512-4VXG1bgvClJdbEYYjQ85RkOtwN8sqI3uCxH0HC5w9fKdqzRzgG39K7GAehATGS8jghA7zNoS5CjSKkDEqWmNZg==

"@rollup/rollup-darwin-x64@4.7.0":
  version "4.7.0"
  resolved "https://registry.yarnpkg.com/@rollup/rollup-darwin-x64/-/rollup-darwin-x64-4.7.0.tgz#484937c6b987bebaeccdae774977ad4bf7bcd940"
  integrity sha512-/ImhO+T/RWJ96hUbxiCn2yWI0/MeQZV/aeukQQfhxiSXuZJfyqtdHPUPrc84jxCfXTxbJLmg4q+GBETeb61aNw==

"@rollup/rollup-linux-arm-gnueabihf@4.7.0":
  version "4.7.0"
  resolved "https://registry.yarnpkg.com/@rollup/rollup-linux-arm-gnueabihf/-/rollup-linux-arm-gnueabihf-4.7.0.tgz#c495ba7aa13427aaeb4ea0864ab9c2a3d5aa9c09"
  integrity sha512-zhye8POvTyUXlKbfPBVqoHy3t43gIgffY+7qBFqFxNqVtltQLtWeHNAbrMnXiLIfYmxcoL/feuLDote2tx+Qbg==

"@rollup/rollup-linux-arm64-gnu@4.7.0":
  version "4.7.0"
  resolved "https://registry.yarnpkg.com/@rollup/rollup-linux-arm64-gnu/-/rollup-linux-arm64-gnu-4.7.0.tgz#0ef4ef25e83f610b56d94a5a1fffa27220d5224d"
  integrity sha512-RAdr3OJnUum6Vs83cQmKjxdTg31zJnLLTkjhcFt0auxM6jw00GD6IPFF42uasYPr/wGC6TRm7FsQiJyk0qIEfg==

"@rollup/rollup-linux-arm64-musl@4.7.0":
  version "4.7.0"
  resolved "https://registry.yarnpkg.com/@rollup/rollup-linux-arm64-musl/-/rollup-linux-arm64-musl-4.7.0.tgz#d75add714d898cee4e4a5baeb2e30641e483b0e3"
  integrity sha512-nhWwYsiJwZGq7SyR3afS3EekEOsEAlrNMpPC4ZDKn5ooYSEjDLe9W/xGvoIV8/F/+HNIY6jY8lIdXjjxfxopXw==

"@rollup/rollup-linux-riscv64-gnu@4.7.0":
  version "4.7.0"
  resolved "https://registry.yarnpkg.com/@rollup/rollup-linux-riscv64-gnu/-/rollup-linux-riscv64-gnu-4.7.0.tgz#b7ed4894b44a47f4145cce77175fe578d1379863"
  integrity sha512-rlfy5RnQG1aop1BL/gjdH42M2geMUyVQqd52GJVirqYc787A/XVvl3kQ5NG/43KXgOgE9HXgCaEH05kzQ+hLoA==

"@rollup/rollup-linux-x64-gnu@4.7.0":
  version "4.7.0"
  resolved "https://registry.yarnpkg.com/@rollup/rollup-linux-x64-gnu/-/rollup-linux-x64-gnu-4.7.0.tgz#bccd53f20de2c1b1e7024898dc5b69375a5abe4e"
  integrity sha512-cCkoGlGWfBobdDtiiypxf79q6k3/iRVGu1HVLbD92gWV5WZbmuWJCgRM4x2N6i7ljGn1cGytPn9ZAfS8UwF6vg==

"@rollup/rollup-linux-x64-musl@4.7.0":
  version "4.7.0"
  resolved "https://registry.yarnpkg.com/@rollup/rollup-linux-x64-musl/-/rollup-linux-x64-musl-4.7.0.tgz#554315d4f252f9f324da587fbf5048aaaf1da12e"
  integrity sha512-R2oBf2p/Arc1m+tWmiWbpHBjEcJnHVnv6bsypu4tcKdrYTpDfl1UT9qTyfkIL1iiii5D4WHxUHCg5X0pzqmxFg==

"@rollup/rollup-win32-arm64-msvc@4.7.0":
  version "4.7.0"
  resolved "https://registry.yarnpkg.com/@rollup/rollup-win32-arm64-msvc/-/rollup-win32-arm64-msvc-4.7.0.tgz#95902325d07919e25dff32be9428acbc1b889101"
  integrity sha512-CPtgaQL1aaPc80m8SCVEoxFGHxKYIt3zQYC3AccL/SqqiWXblo3pgToHuBwR8eCP2Toa+X1WmTR/QKFMykws7g==

"@rollup/rollup-win32-ia32-msvc@4.7.0":
  version "4.7.0"
  resolved "https://registry.yarnpkg.com/@rollup/rollup-win32-ia32-msvc/-/rollup-win32-ia32-msvc-4.7.0.tgz#f9ca12cc03ebca191ff6b832785c5a5e1974cf55"
  integrity sha512-pmioUlttNh9GXF5x2CzNa7Z8kmRTyhEzzAC+2WOOapjewMbl+3tGuAnxbwc5JyG8Jsz2+hf/QD/n5VjimOZ63g==

"@rollup/rollup-win32-x64-msvc@4.7.0":
  version "4.7.0"
  resolved "https://registry.yarnpkg.com/@rollup/rollup-win32-x64-msvc/-/rollup-win32-x64-msvc-4.7.0.tgz#1ad18d12c21d09a12d88c904647f1ea64123c32e"
  integrity sha512-SeZzC2QhhdBQUm3U0c8+c/P6UlRyBcLL2Xp5KX7z46WXZxzR8RJSIWL9wSUeBTgxog5LTPJuPj0WOT9lvrtP7Q==

"@scure/base@1.1.1":
  version "1.1.1"
  resolved "https://registry.yarnpkg.com/@scure/base/-/base-1.1.1.tgz#ebb651ee52ff84f420097055f4bf46cfba403938"
  integrity sha512-ZxOhsSyxYwLJj3pLZCefNitxsj093tb2vq90mp2txoYeBqbcjDjqFhyM8eUjq/uFm6zJ+mUuqxlS2FkuSY1MTA==

"@scure/base@~1.1.0":
  version "1.1.3"
  resolved "https://registry.yarnpkg.com/@scure/base/-/base-1.1.3.tgz#8584115565228290a6c6c4961973e0903bb3df2f"
  integrity sha512-/+SgoRjLq7Xlf0CWuLHq2LUZeL/w65kfzAPG5NH9pcmBhs+nunQTn4gvdwgMTIXnt9b2C/1SeL2XiysZEyIC9Q==

"@scure/bip32@1.3.1":
  version "1.3.1"
  resolved "https://registry.yarnpkg.com/@scure/bip32/-/bip32-1.3.1.tgz#7248aea723667f98160f593d621c47e208ccbb10"
  integrity sha512-osvveYtyzdEVbt3OfwwXFr4P2iVBL5u1Q3q4ONBfDY/UpOuXmOlbgwc1xECEboY8wIays8Yt6onaWMUdUbfl0A==
  dependencies:
    "@noble/curves" "~1.1.0"
    "@noble/hashes" "~1.3.1"
    "@scure/base" "~1.1.0"

"@scure/bip39@1.2.1":
  version "1.2.1"
  resolved "https://registry.yarnpkg.com/@scure/bip39/-/bip39-1.2.1.tgz#5cee8978656b272a917b7871c981e0541ad6ac2a"
  integrity sha512-Z3/Fsz1yr904dduJD0NpiyRHhRYHdcnyh73FZWiV+/qhWi83wNJ3NWolYqCEN+ZWsUz2TWwajJggcRE9r1zUYg==
  dependencies:
    "@noble/hashes" "~1.3.0"
    "@scure/base" "~1.1.0"

"@swc/core-darwin-arm64@1.3.100":
  version "1.3.100"
  resolved "https://registry.yarnpkg.com/@swc/core-darwin-arm64/-/core-darwin-arm64-1.3.100.tgz#f582c5bbc9c49506f728fc1d14dff33c2cc226d5"
  integrity sha512-XVWFsKe6ei+SsDbwmsuRkYck1SXRpO60Hioa4hoLwR8fxbA9eVp6enZtMxzVVMBi8ej5seZ4HZQeAWepbukiBw==

"@swc/core-darwin-x64@1.3.100":
  version "1.3.100"
  resolved "https://registry.yarnpkg.com/@swc/core-darwin-x64/-/core-darwin-x64-1.3.100.tgz#d84f5c0bb4603c252884d011a698ed7c634b1505"
  integrity sha512-KF/MXrnH1nakm1wbt4XV8FS7kvqD9TGmVxeJ0U4bbvxXMvzeYUurzg3AJUTXYmXDhH/VXOYJE5N5RkwZZPs5iA==

"@swc/core-linux-arm64-gnu@1.3.100":
  version "1.3.100"
  resolved "https://registry.yarnpkg.com/@swc/core-linux-arm64-gnu/-/core-linux-arm64-gnu-1.3.100.tgz#1ed4b92b373882d8f338c4e0a0aa64cdaa6106f1"
  integrity sha512-p8hikNnAEJrw5vHCtKiFT4hdlQxk1V7vqPmvUDgL/qe2menQDK/i12tbz7/3BEQ4UqUPnvwpmVn2d19RdEMNxw==

"@swc/core-linux-arm64-musl@1.3.100":
  version "1.3.100"
  resolved "https://registry.yarnpkg.com/@swc/core-linux-arm64-musl/-/core-linux-arm64-musl-1.3.100.tgz#9db560f7459e42e65ec02670d6a8316e7c850cfc"
  integrity sha512-BWx/0EeY89WC4q3AaIaBSGfQxkYxIlS3mX19dwy2FWJs/O+fMvF9oLk/CyJPOZzbp+1DjGeeoGFuDYpiNO91JA==

"@swc/core-linux-x64-gnu@1.3.100":
  version "1.3.100"
  resolved "https://registry.yarnpkg.com/@swc/core-linux-x64-gnu/-/core-linux-x64-gnu-1.3.100.tgz#228826ea48879bf1e73683fbef4373e3e762e424"
  integrity sha512-XUdGu3dxAkjsahLYnm8WijPfKebo+jHgHphDxaW0ovI6sTdmEGFDew7QzKZRlbYL2jRkUuuKuDGvD6lO5frmhA==

"@swc/core-linux-x64-musl@1.3.100":
  version "1.3.100"
  resolved "https://registry.yarnpkg.com/@swc/core-linux-x64-musl/-/core-linux-x64-musl-1.3.100.tgz#09a234dbbf625d071ecb663680e997a62d230d49"
  integrity sha512-PhoXKf+f0OaNW/GCuXjJ0/KfK9EJX7z2gko+7nVnEA0p3aaPtbP6cq1Ubbl6CMoPL+Ci3gZ7nYumDqXNc3CtLQ==

"@swc/core-win32-arm64-msvc@1.3.100":
  version "1.3.100"
  resolved "https://registry.yarnpkg.com/@swc/core-win32-arm64-msvc/-/core-win32-arm64-msvc-1.3.100.tgz#add1c82884c10a9054ed6a48f884097aa85c6d2b"
  integrity sha512-PwLADZN6F9cXn4Jw52FeP/MCLVHm8vwouZZSOoOScDtihjY495SSjdPnlosMaRSR4wJQssGwiD/4MbpgQPqbAw==

"@swc/core-win32-ia32-msvc@1.3.100":
  version "1.3.100"
  resolved "https://registry.yarnpkg.com/@swc/core-win32-ia32-msvc/-/core-win32-ia32-msvc-1.3.100.tgz#e0b6c5ae7f3250adeeb88dae83558d3f45148c56"
  integrity sha512-0f6nicKSLlDKlyPRl2JEmkpBV4aeDfRQg6n8mPqgL7bliZIcDahG0ej+HxgNjZfS3e0yjDxsNRa6sAqWU2Z60A==

"@swc/core-win32-x64-msvc@1.3.100":
  version "1.3.100"
  resolved "https://registry.yarnpkg.com/@swc/core-win32-x64-msvc/-/core-win32-x64-msvc-1.3.100.tgz#34721dff151d7dcf165675f18aeed0a12264d88c"
  integrity sha512-b7J0rPoMkRTa3XyUGt8PwCaIBuYWsL2DqbirrQKRESzgCvif5iNpqaM6kjIjI/5y5q1Ycv564CB51YDpiS8EtQ==

"@swc/core@^1.3.96":
  version "1.3.100"
  resolved "https://registry.yarnpkg.com/@swc/core/-/core-1.3.100.tgz#8fa36f26a35137620234b084224c9fa9b8a0fee2"
  integrity sha512-7dKgTyxJjlrMwFZYb1auj3Xq0D8ZBe+5oeIgfMlRU05doXZypYJe0LAk0yjj3WdbwYzpF+T1PLxwTWizI0pckw==
  dependencies:
    "@swc/counter" "^0.1.1"
    "@swc/types" "^0.1.5"
  optionalDependencies:
    "@swc/core-darwin-arm64" "1.3.100"
    "@swc/core-darwin-x64" "1.3.100"
    "@swc/core-linux-arm64-gnu" "1.3.100"
    "@swc/core-linux-arm64-musl" "1.3.100"
    "@swc/core-linux-x64-gnu" "1.3.100"
    "@swc/core-linux-x64-musl" "1.3.100"
    "@swc/core-win32-arm64-msvc" "1.3.100"
    "@swc/core-win32-ia32-msvc" "1.3.100"
    "@swc/core-win32-x64-msvc" "1.3.100"

"@swc/counter@^0.1.1":
  version "0.1.2"
  resolved "https://registry.yarnpkg.com/@swc/counter/-/counter-0.1.2.tgz#bf06d0770e47c6f1102270b744e17b934586985e"
  integrity sha512-9F4ys4C74eSTEUNndnER3VJ15oru2NumfQxS8geE+f3eB5xvfxpWyqE5XlVnxb/R14uoXi6SLbBwwiDSkv+XEw==

"@swc/types@^0.1.5":
  version "0.1.5"
  resolved "https://registry.yarnpkg.com/@swc/types/-/types-0.1.5.tgz#043b731d4f56a79b4897a3de1af35e75d56bc63a"
  integrity sha512-myfUej5naTBWnqOCc/MdVOLVjXUXtIA+NpDrDBKJtLLg2shUjBu3cZmB/85RyitKc55+lUUyl7oRfLOvkr2hsw==

"@types/debug@^4.1.12":
  version "4.1.12"
  resolved "https://registry.yarnpkg.com/@types/debug/-/debug-4.1.12.tgz#a155f21690871953410df4b6b6f53187f0500917"
  integrity sha512-vIChWdVG3LG1SMxEvI/AK+FWJthlrqlTu7fbrlywTkkaONwk/UAGaULXRlf8vkzFBLVm0zkMdCquhL5aOjhXPQ==
  dependencies:
    "@types/ms" "*"

"@types/ms@*":
  version "0.7.34"
  resolved "https://registry.yarnpkg.com/@types/ms/-/ms-0.7.34.tgz#10964ba0dee6ac4cd462e2795b6bebd407303433"
  integrity sha512-nG96G3Wp6acyAgJqGasjODb+acrI7KltPiRxzHPXnP3NgI28bpQDRv53olbqGXbfcgF5aiiHmO3xpwEpS5Ld9g==

"@types/prop-types@*":
  version "15.7.11"
  resolved "https://registry.yarnpkg.com/@types/prop-types/-/prop-types-15.7.11.tgz#2596fb352ee96a1379c657734d4b913a613ad563"
  integrity sha512-ga8y9v9uyeiLdpKddhxYQkxNDrfvuPrlFb0N1qnZZByvcElJaXthF1UhvCh9TLWJBEHeNtdnbysW7Y6Uq8CVng==

"@types/react-dom@^18.2.15":
  version "18.2.17"
  resolved "https://registry.yarnpkg.com/@types/react-dom/-/react-dom-18.2.17.tgz#375c55fab4ae671bd98448dcfa153268d01d6f64"
  integrity sha512-rvrT/M7Df5eykWFxn6MYt5Pem/Dbyc1N8Y0S9Mrkw2WFCRiqUgw9P7ul2NpwsXCSM1DVdENzdG9J5SreqfAIWg==
  dependencies:
    "@types/react" "*"

"@types/react@*", "@types/react@^18.2.37":
  version "18.2.43"
  resolved "https://registry.yarnpkg.com/@types/react/-/react-18.2.43.tgz#c58e5abe241e6f71f60ce30e2a9aceb9d3a2a374"
  integrity sha512-nvOV01ZdBdd/KW6FahSbcNplt2jCJfyWdTos61RYHV+FVv5L/g9AOX1bmbVcWcLFL8+KHQfh1zVIQrud6ihyQA==
  dependencies:
    "@types/prop-types" "*"
    "@types/scheduler" "*"
    csstype "^3.0.2"

"@types/scheduler@*":
  version "0.16.8"
  resolved "https://registry.yarnpkg.com/@types/scheduler/-/scheduler-0.16.8.tgz#ce5ace04cfeabe7ef87c0091e50752e36707deff"
  integrity sha512-WZLiwShhwLRmeV6zH+GkbOFT6Z6VklCItrDioxUnv+u4Ll+8vKeFySoFyK/0ctcRpOmwAicELfmys1sDc/Rw+A==

"@vitejs/plugin-react-swc@^3.5.0":
  version "3.5.0"
  resolved "https://registry.yarnpkg.com/@vitejs/plugin-react-swc/-/plugin-react-swc-3.5.0.tgz#1fadff5148003e8091168c431e44c850f9a39e74"
  integrity sha512-1PrOvAaDpqlCV+Up8RkAh9qaiUjoDUcjtttyhXDKw53XA6Ve16SOp6cCOpRs8Dj8DqUQs6eTW5YkLcLJjrXAig==
  dependencies:
    "@swc/core" "^1.3.96"

csstype@^3.0.2:
  version "3.1.3"
  resolved "https://registry.yarnpkg.com/csstype/-/csstype-3.1.3.tgz#d80ff294d114fb0e6ac500fbf85b60137d7eff81"
  integrity sha512-M1uQkMl8rQK/szD0LNhtqxIPLpimGm8sOBwU7lLnCpSbTyY3yeU1Vc7l4KT5zT4s/yOxHH5O7tIuuLOCnLADRw==

dayjs@^1.11.10:
  version "1.11.10"
  resolved "https://registry.yarnpkg.com/dayjs/-/dayjs-1.11.10.tgz#68acea85317a6e164457d6d6947564029a6a16a0"
  integrity sha512-vjAczensTgRcqDERK0SR2XMwsF/tSvnvlv6VcF2GIhg6Sx4yOIt/irsr1RDJsKiIyBzJDpCoXiWWq28MqH2cnQ==

esbuild@^0.19.3:
  version "0.19.9"
  resolved "https://registry.yarnpkg.com/esbuild/-/esbuild-0.19.9.tgz#423a8f35153beb22c0b695da1cd1e6c0c8cdd490"
  integrity sha512-U9CHtKSy+EpPsEBa+/A2gMs/h3ylBC0H0KSqIg7tpztHerLi6nrrcoUJAkNCEPumx8yJ+Byic4BVwHgRbN0TBg==
  optionalDependencies:
    "@esbuild/android-arm" "0.19.9"
    "@esbuild/android-arm64" "0.19.9"
    "@esbuild/android-x64" "0.19.9"
    "@esbuild/darwin-arm64" "0.19.9"
    "@esbuild/darwin-x64" "0.19.9"
    "@esbuild/freebsd-arm64" "0.19.9"
    "@esbuild/freebsd-x64" "0.19.9"
    "@esbuild/linux-arm" "0.19.9"
    "@esbuild/linux-arm64" "0.19.9"
    "@esbuild/linux-ia32" "0.19.9"
    "@esbuild/linux-loong64" "0.19.9"
    "@esbuild/linux-mips64el" "0.19.9"
    "@esbuild/linux-ppc64" "0.19.9"
    "@esbuild/linux-riscv64" "0.19.9"
    "@esbuild/linux-s390x" "0.19.9"
    "@esbuild/linux-x64" "0.19.9"
    "@esbuild/netbsd-x64" "0.19.9"
    "@esbuild/openbsd-x64" "0.19.9"
    "@esbuild/sunos-x64" "0.19.9"
    "@esbuild/win32-arm64" "0.19.9"
    "@esbuild/win32-ia32" "0.19.9"
    "@esbuild/win32-x64" "0.19.9"

fsevents@~2.3.2, fsevents@~2.3.3:
  version "2.3.3"
  resolved "https://registry.yarnpkg.com/fsevents/-/fsevents-2.3.3.tgz#cac6407785d03675a2a5e1a5305c697b347d90d6"
  integrity sha512-5xoDfX+fL7faATnagmWPpbFtwh/R77WmMMqqHGS65C3vvB0YHrgF+B1YmZ3441tMj5n63k0212XNoJwzlhffQw==

idb@^8.0.0:
  version "8.0.0"
  resolved "https://registry.yarnpkg.com/idb/-/idb-8.0.0.tgz#33d7ed894ed36e23bcb542fb701ad579bfaad41f"
  integrity sha512-l//qvlAKGmQO31Qn7xdzagVPPaHTxXx199MhrAFuVBTPqydcPYBWjkrbv4Y0ktB+GmWOiwHl237UUOrLmQxLvw==

"js-tokens@^3.0.0 || ^4.0.0":
  version "4.0.0"
  resolved "https://registry.yarnpkg.com/js-tokens/-/js-tokens-4.0.0.tgz#19203fb59991df98e3a287050d4647cdeaf32499"
  integrity sha512-RdJUflcE3cUzKiMqQgsCu06FPu9UdIJO0beYbPhHN4k6apgJtifcoCtT9bcxOpYBtpD2kCM6Sbzg4CausW/PKQ==

loose-envify@^1.1.0:
  version "1.4.0"
  resolved "https://registry.yarnpkg.com/loose-envify/-/loose-envify-1.4.0.tgz#71ee51fa7be4caec1a63839f7e682d8132d30caf"
  integrity sha512-lyuxPGr/Wfhrlem2CL/UcnUc1zcqKAImBDzukY7Y5F/yQiNdko6+fRLevlw1HgMySw7f611UIY408EtxRSoK3Q==
  dependencies:
    js-tokens "^3.0.0 || ^4.0.0"

nanoid@^3.3.7:
  version "3.3.7"
  resolved "https://registry.yarnpkg.com/nanoid/-/nanoid-3.3.7.tgz#d0c301a691bc8d54efa0a2226ccf3fe2fd656bd8"
  integrity sha512-eSRppjcPIatRIMC1U6UngP8XFcz8MQWGQdt1MTBQ7NaAmvXDfvNxbvWV3x2y6CdEUciCSsDHDQZbhYaB8QEo2g==

nostr-tools@^1.17.0:
  version "1.17.0"
  resolved "https://registry.yarnpkg.com/nostr-tools/-/nostr-tools-1.17.0.tgz#b6f62e32fedfd9e68ec0a7ce57f74c44fc768e8c"
  integrity sha512-LZmR8GEWKZeElbFV5Xte75dOeE9EFUW/QLI1Ncn3JKn0kFddDKEfBbFN8Mu4TMs+L4HR/WTPha2l+PPuRnJcMw==
  dependencies:
    "@noble/ciphers" "0.2.0"
    "@noble/curves" "1.1.0"
    "@noble/hashes" "1.3.1"
    "@scure/base" "1.1.1"
    "@scure/bip32" "1.3.1"
    "@scure/bip39" "1.2.1"

picocolors@^1.0.0:
  version "1.0.0"
  resolved "https://registry.yarnpkg.com/picocolors/-/picocolors-1.0.0.tgz#cb5bdc74ff3f51892236eaf79d68bc44564ab81c"
  integrity sha512-1fygroTLlHu66zi26VoTDv8yRgm0Fccecssto+MhsZ0D/DGW2sm8E8AjW7NU5VVTRt5GxbeZ5qBuJr+HyLYkjQ==

postcss@^8.4.32:
  version "8.4.32"
  resolved "https://registry.yarnpkg.com/postcss/-/postcss-8.4.32.tgz#1dac6ac51ab19adb21b8b34fd2d93a86440ef6c9"
  integrity sha512-D/kj5JNu6oo2EIy+XL/26JEDTlIbB8hw85G8StOE6L74RQAVVP5rej6wxCNqyMbR4RkPfqvezVbPw81Ngd6Kcw==
  dependencies:
    nanoid "^3.3.7"
    picocolors "^1.0.0"
    source-map-js "^1.0.2"

prettier@^3.1.1:
  version "3.1.1"
  resolved "https://registry.yarnpkg.com/prettier/-/prettier-3.1.1.tgz#6ba9f23165d690b6cbdaa88cb0807278f7019848"
  integrity sha512-22UbSzg8luF4UuZtzgiUOfcGM8s4tjBv6dJRT7j275NXsy2jb4aJa4NNveul5x4eqlF1wuhuR2RElK71RvmVaw==

react-dom@^18.2.0:
  version "18.2.0"
  resolved "https://registry.yarnpkg.com/react-dom/-/react-dom-18.2.0.tgz#22aaf38708db2674ed9ada224ca4aa708d821e3d"
  integrity sha512-6IMTriUmvsjHUjNtEDudZfuDQUoWXVxKHhlEGSk81n4YFS+r/Kl99wXiwlVXtPBtJenozv2P+hxDsw9eA7Xo6g==
  dependencies:
    loose-envify "^1.1.0"
    scheduler "^0.23.0"

react@^18.2.0:
  version "18.2.0"
  resolved "https://registry.yarnpkg.com/react/-/react-18.2.0.tgz#555bd98592883255fa00de14f1151a917b5d77d5"
  integrity sha512-/3IjMdb2L9QbBdWiW5e3P2/npwMBaU9mHCSCUzNln0ZCYbcfTsGbTJrU/kGemdH2IWmB2ioZ+zkxtmq6g09fGQ==
  dependencies:
    loose-envify "^1.1.0"

rollup@^4.2.0:
  version "4.7.0"
  resolved "https://registry.yarnpkg.com/rollup/-/rollup-4.7.0.tgz#04173cb398cd7643b9f71846dfbbda0e94fd0b1f"
  integrity sha512-7Kw0dUP4BWH78zaZCqF1rPyQ8D5DSU6URG45v1dqS/faNsx9WXyess00uTOZxKr7oR/4TOjO1CPudT8L1UsEgw==
  optionalDependencies:
    "@rollup/rollup-android-arm-eabi" "4.7.0"
    "@rollup/rollup-android-arm64" "4.7.0"
    "@rollup/rollup-darwin-arm64" "4.7.0"
    "@rollup/rollup-darwin-x64" "4.7.0"
    "@rollup/rollup-linux-arm-gnueabihf" "4.7.0"
    "@rollup/rollup-linux-arm64-gnu" "4.7.0"
    "@rollup/rollup-linux-arm64-musl" "4.7.0"
    "@rollup/rollup-linux-riscv64-gnu" "4.7.0"
    "@rollup/rollup-linux-x64-gnu" "4.7.0"
    "@rollup/rollup-linux-x64-musl" "4.7.0"
    "@rollup/rollup-win32-arm64-msvc" "4.7.0"
    "@rollup/rollup-win32-ia32-msvc" "4.7.0"
    "@rollup/rollup-win32-x64-msvc" "4.7.0"
    fsevents "~2.3.2"

scheduler@^0.23.0:
  version "0.23.0"
  resolved "https://registry.yarnpkg.com/scheduler/-/scheduler-0.23.0.tgz#ba8041afc3d30eb206a487b6b384002e4e61fdfe"
  integrity sha512-CtuThmgHNg7zIZWAXi3AsyIzA3n4xx7aNyjwC2VJldO2LMVDhFK+63xGqq6CsJH4rTAt6/M+N4GhZiDYPx9eUw==
  dependencies:
    loose-envify "^1.1.0"

source-map-js@^1.0.2:
  version "1.0.2"
  resolved "https://registry.yarnpkg.com/source-map-js/-/source-map-js-1.0.2.tgz#adbc361d9c62df380125e7f161f71c826f1e490c"
  integrity sha512-R0XvVJ9WusLiqTCEiGCmICCMplcCkIwwR11mOSD9CR5u+IXYdiseeEuXCVAjS54zqwkLcPNnmU4OeJ6tUrWhDw==

typescript@^5.3.3:
  version "5.3.3"
  resolved "https://registry.yarnpkg.com/typescript/-/typescript-5.3.3.tgz#b3ce6ba258e72e6305ba66f5c9b452aaee3ffe37"
  integrity sha512-pXWcraxM0uxAS+tN0AG/BF2TyqmHO014Z070UsJ+pFvYuRSq8KH8DmWpnbXe0pEPDHXZV3FcAbJkijJ5oNEnWw==

vite@^5.0.0:
  version "5.0.7"
  resolved "https://registry.yarnpkg.com/vite/-/vite-5.0.7.tgz#ad081d735f6769f76b556818500bdafb72c3fe93"
  integrity sha512-B4T4rJCDPihrQo2B+h1MbeGL/k/GMAHzhQ8S0LjQ142s6/+l3hHTT095ORvsshj4QCkoWu3Xtmob5mazvakaOw==
  dependencies:
    esbuild "^0.19.3"
    postcss "^8.4.32"
    rollup "^4.2.0"
  optionalDependencies:
    fsevents "~2.3.3"
